{
    "version": 3,
    "terraform_version": "0.11.7",
    "serial": 49,
    "lineage": "b18aed95-33c0-57b8-7031-72f6adfa5e6b",
    "modules": [
        {
            "path": [
                "root"
            ],
            "outputs": {
                "public_ip_address1": {
                    "sensitive": false,
                    "type": "string",
                    "value": "144.22.104.242"
                }
            },
            "resources": {
                "opc_compute_acl.my-acl": {
                    "type": "opc_compute_acl",
                    "depends_on": [],
                    "primary": {
                        "id": "osc11acl1",
                        "attributes": {
                            "description": "",
                            "enabled": "true",
                            "id": "osc11acl1",
                            "name": "osc11acl1",
                            "tags.#": "0",
                            "uri": "http://compute.brcom-central-1.oraclecloud.com:443/network/v1/acl/Compute-588717951/caio.oliveira@oracle.com/osc11acl1"
                        },
                        "meta": {},
                        "tainted": false
                    },
                    "deposed": [],
                    "provider": "provider.opc"
                },
                "opc_compute_instance.instance1": {
                    "type": "opc_compute_instance",
                    "depends_on": [
                        "opc_compute_ip_address_reservation.ipreservation1",
                        "opc_compute_ip_network.ip_network",
                        "opc_compute_ssh_key.sshkey1",
                        "opc_compute_storage_volume.volume1",
                        "opc_compute_vnic_set.test_set"
                    ],
                    "primary": {
                        "id": "9995102f-eccc-4e29-bf06-1aa08a369499",
                        "attributes": {
                            "attributes": "{\"dns\":{\"domain\":\"compute-588717951.oraclecloud.internal.\",\"hostname\":\"osc11cp1\"},\"network\":{\"nimbula_vcable-eth0\":{\"address\":[\"c6:b0:0a:00:00:fd\",\"10.0.0.253\"],\"id\":\"/Compute-588717951/caio.oliveira@oracle.com/osc11cp1/9995102f-eccc-4e29-bf06-1aa08a369499/eth0\",\"instance\":\"/Compute-588717951/caio.oliveira@oracle.com/osc11cp1/9995102f-eccc-4e29-bf06-1aa08a369499\",\"ipassociations\":[\"/Compute-588717951/caio.oliveira@oracle.com/osc11ip1\"],\"ipattachment\":\"/Compute-588717951/caio.oliveira@oracle.com/osc11cp1/9995102f-eccc-4e29-bf06-1aa08a369499/eth0\",\"ipnetwork\":\"/Compute-588717951/caio.oliveira@oracle.com/osc11ipnet1\",\"vnic\":\"/Compute-588717951/caio.oliveira@oracle.com/osc11.vnic1\",\"vnicsets\":[\"/Compute-588717951/caio.oliveira@oracle.com/osc11vnicset1\"]}},\"sshkeys\":[\"ssh-rsa AAAAB3NzaC1yc2EAAAADAQABAAABAQC5S83OlFYqMCA4IqDCgCpnfvOHBitdVLGFqevHtxp574IXPz+AyoejmRtOpQ+onpx8Y63PTCxvswhPgX1Wj57R0dnCuzvo39/eXVGVrcRjPm0RSVW8x4TFrdzPs/uxnH+glA/2dneHARIhrHQuHTgg8c/e4I7aZEWuL2G5e99s7mlzwPCf3IHmqZsSAziQUoQXIsbHgSRN1r73M+UZ3Kow1yvYaEFYr8oUbeIKIllrnXPf+cd/qzo84EiahRV7XcFEZj1yb1/GXr+u2ed2qRr+GDvmFjfE9hW4MAdbIBsVBGK6EdMgh6oWwP6oOw0GQHcx8Z8cBm5b68lHESYGOOQJ opc@localhost.localdomain\\n\"]}",
                            "availability_domain": "/brcom-central-1a",
                            "boot_order.#": "1",
                            "boot_order.0": "1",
                            "desired_state": "running",
                            "domain": "compute-588717951.oraclecloud.internal.",
                            "entry": "0",
                            "fingerprint": "",
                            "fqdn": "osc11cp1",
                            "hostname": "osc11cp1",
                            "id": "9995102f-eccc-4e29-bf06-1aa08a369499",
                            "image_format": "raw",
                            "image_list": "",
                            "ip_address": "10.0.0.253",
                            "label": "osc11cp1",
                            "name": "osc11cp1",
                            "networking_info.#": "1",
                            "networking_info.3102604604.dns.#": "0",
                            "networking_info.3102604604.index": "0",
                            "networking_info.3102604604.ip_address": "10.0.0.253",
                            "networking_info.3102604604.ip_network": "osc11ipnet1",
                            "networking_info.3102604604.is_default_gateway": "true",
                            "networking_info.3102604604.mac_address": "",
                            "networking_info.3102604604.name_servers.#": "0",
                            "networking_info.3102604604.nat.#": "1",
                            "networking_info.3102604604.nat.0": "osc11ip1",
                            "networking_info.3102604604.search_domains.#": "0",
                            "networking_info.3102604604.sec_lists.#": "0",
                            "networking_info.3102604604.shared_network": "false",
                            "networking_info.3102604604.vnic": "osc11.vnic1",
                            "networking_info.3102604604.vnic_sets.#": "1",
                            "networking_info.3102604604.vnic_sets.0": "osc11vnicset1",
                            "placement_requirements.#": "3",
                            "placement_requirements.0": "/system/compute/allow_instances",
                            "placement_requirements.1": "/system/compute/placement/default",
                            "placement_requirements.2": "/system/compute/pool/general",
                            "platform": "linux",
                            "priority": "/oracle/public/default",
                            "quota_reservation": "",
                            "relationships.#": "0",
                            "resolvers.#": "0",
                            "reverse_dns": "true",
                            "shape": "oc1m",
                            "site": "",
                            "ssh_keys.#": "1",
                            "ssh_keys.0": "osc11sshkey1",
                            "start_time": "2018-07-26T21:29:18Z",
                            "state": "running",
                            "storage.#": "1",
                            "storage.1589996139.index": "1",
                            "storage.1589996139.name": "/Compute-588717951/caio.oliveira@oracle.com/osc11cp1/9995102f-eccc-4e29-bf06-1aa08a369499/1ac8c2c5-05e3-483b-8f57-6dbe544e4c56",
                            "storage.1589996139.volume": "osc11st1",
                            "tags.#": "0",
                            "vcable": "",
                            "virtio": "false",
                            "vnc_address": ""
                        },
                        "meta": {
                            "e2bfb730-ecaa-11e6-8f88-34363bc7c4c0": {
                                "create": 1200000000000,
                                "delete": 1200000000000,
                                "update": 1200000000000
                            }
                        },
                        "tainted": false
                    },
                    "deposed": [],
                    "provider": "provider.opc"
                },
                "opc_compute_ip_address_reservation.ipreservation1": {
                    "type": "opc_compute_ip_address_reservation",
                    "depends_on": [],
                    "primary": {
                        "id": "osc11ip1",
                        "attributes": {
                            "description": "",
                            "id": "osc11ip1",
                            "ip_address": "144.22.104.242",
                            "ip_address_pool": "public-ippool",
                            "name": "osc11ip1",
                            "tags.#": "0",
                            "uri": "http://compute.brcom-central-1.oraclecloud.com:443/network/v1/ipreservation/Compute-588717951/caio.oliveira@oracle.com/osc11ip1"
                        },
                        "meta": {},
                        "tainted": false
                    },
                    "deposed": [],
                    "provider": "provider.opc"
                },
                "opc_compute_ip_network.ip_network": {
                    "type": "opc_compute_ip_network",
                    "depends_on": [],
                    "primary": {
                        "id": "osc11ipnet1",
                        "attributes": {
                            "description": "",
                            "id": "osc11ipnet1",
                            "ip_address_prefix": "10.0.0.0/24",
                            "name": "osc11ipnet1",
                            "public_napt_enabled": "true",
                            "tags.#": "0",
                            "uri": "http://compute.brcom-central-1.oraclecloud.com:443/network/v1/ipnetwork/Compute-588717951/caio.oliveira@oracle.com/osc11ipnet1"
                        },
                        "meta": {},
                        "tainted": false
                    },
                    "deposed": [],
                    "provider": "provider.opc"
                },
                "opc_compute_security_protocol.all": {
                    "type": "opc_compute_security_protocol",
                    "depends_on": [],
                    "primary": {
                        "id": "osc11secprot2",
                        "attributes": {
                            "description": "",
                            "dst_ports.#": "0",
                            "id": "osc11secprot2",
                            "ip_protocol": "all",
                            "name": "osc11secprot2",
                            "src_ports.#": "0",
                            "tags.#": "0"
                        },
                        "meta": {},
                        "tainted": false
                    },
                    "deposed": [],
                    "provider": "provider.opc"
                },
                "opc_compute_security_protocol.ssh": {
                    "type": "opc_compute_security_protocol",
                    "depends_on": [],
                    "primary": {
                        "id": "osc11secprot1",
                        "attributes": {
                            "description": "",
                            "dst_ports.#": "1",
                            "dst_ports.0": "22",
                            "id": "osc11secprot1",
                            "ip_protocol": "tcp",
                            "name": "osc11secprot1",
                            "src_ports.#": "0",
                            "tags.#": "0"
                        },
                        "meta": {},
                        "tainted": false
                    },
                    "deposed": [],
                    "provider": "provider.opc"
                },
                "opc_compute_security_rule.all": {
                    "type": "opc_compute_security_rule",
                    "depends_on": [
                        "opc_compute_acl.my-acl",
                        "opc_compute_security_protocol.all",
                        "opc_compute_vnic_set.test_set"
                    ],
                    "primary": {
                        "id": "osc11secrule-ingress2",
                        "attributes": {
                            "acl": "osc11acl1",
                            "description": "",
                            "dst_ip_address_prefixes.#": "0",
                            "dst_vnic_set": "osc11vnicset1",
                            "enabled": "true",
                            "flow_direction": "ingress",
                            "id": "osc11secrule-ingress2",
                            "name": "osc11secrule-ingress2",
                            "security_protocols.#": "1",
                            "security_protocols.0": "osc11secprot2",
                            "src_ip_address_prefixes.#": "0",
                            "src_vnic_set": "",
                            "tags.#": "0",
                            "uri": "http://compute.brcom-central-1.oraclecloud.com:443/network/v1/secrule/Compute-588717951/caio.oliveira@oracle.com/osc11secrule-ingress2"
                        },
                        "meta": {},
                        "tainted": false
                    },
                    "deposed": [],
                    "provider": "provider.opc"
                },
                "opc_compute_security_rule.egress": {
                    "type": "opc_compute_security_rule",
                    "depends_on": [
                        "opc_compute_acl.my-acl",
                        "opc_compute_security_protocol.all",
                        "opc_compute_vnic_set.test_set"
                    ],
                    "primary": {
                        "id": "osc11secrule-egress1",
                        "attributes": {
                            "acl": "osc11acl1",
                            "description": "",
                            "dst_ip_address_prefixes.#": "0",
                            "dst_vnic_set": "",
                            "enabled": "true",
                            "flow_direction": "egress",
                            "id": "osc11secrule-egress1",
                            "name": "osc11secrule-egress1",
                            "security_protocols.#": "1",
                            "security_protocols.0": "osc11secprot2",
                            "src_ip_address_prefixes.#": "0",
                            "src_vnic_set": "osc11vnicset1",
                            "tags.#": "0",
                            "uri": "http://compute.brcom-central-1.oraclecloud.com:443/network/v1/secrule/Compute-588717951/caio.oliveira@oracle.com/osc11secrule-egress1"
                        },
                        "meta": {},
                        "tainted": false
                    },
                    "deposed": [],
                    "provider": "provider.opc"
                },
                "opc_compute_security_rule.ip_network": {
                    "type": "opc_compute_security_rule",
                    "depends_on": [
                        "opc_compute_acl.my-acl",
                        "opc_compute_security_protocol.all",
                        "opc_compute_vnic_set.test_set"
                    ],
                    "primary": {
                        "id": "osc11secrule-ip-network1",
                        "attributes": {
                            "acl": "osc11acl1",
                            "description": "",
                            "dst_ip_address_prefixes.#": "0",
                            "dst_vnic_set": "osc11vnicset1",
                            "enabled": "true",
                            "flow_direction": "ingress",
                            "id": "osc11secrule-ip-network1",
                            "name": "osc11secrule-ip-network1",
                            "security_protocols.#": "1",
                            "security_protocols.0": "osc11secprot2",
                            "src_ip_address_prefixes.#": "0",
                            "src_vnic_set": "osc11vnicset1",
                            "tags.#": "0",
                            "uri": "http://compute.brcom-central-1.oraclecloud.com:443/network/v1/secrule/Compute-588717951/caio.oliveira@oracle.com/osc11secrule-ip-network1"
                        },
                        "meta": {},
                        "tainted": false
                    },
                    "deposed": [],
                    "provider": "provider.opc"
                },
                "opc_compute_security_rule.ssh": {
                    "type": "opc_compute_security_rule",
                    "depends_on": [
                        "opc_compute_acl.my-acl",
                        "opc_compute_security_protocol.ssh",
                        "opc_compute_vnic_set.test_set"
                    ],
                    "primary": {
                        "id": "osc11secrule-ingress1",
                        "attributes": {
                            "acl": "osc11acl1",
                            "description": "",
                            "dst_ip_address_prefixes.#": "0",
                            "dst_vnic_set": "osc11vnicset1",
                            "enabled": "true",
                            "flow_direction": "ingress",
                            "id": "osc11secrule-ingress1",
                            "name": "osc11secrule-ingress1",
                            "security_protocols.#": "1",
                            "security_protocols.0": "osc11secprot1",
                            "src_ip_address_prefixes.#": "0",
                            "src_vnic_set": "",
                            "tags.#": "0",
                            "uri": "http://compute.brcom-central-1.oraclecloud.com:443/network/v1/secrule/Compute-588717951/caio.oliveira@oracle.com/osc11secrule-ingress1"
                        },
                        "meta": {},
                        "tainted": false
                    },
                    "deposed": [],
                    "provider": "provider.opc"
                },
                "opc_compute_ssh_key.sshkey1": {
                    "type": "opc_compute_ssh_key",
                    "depends_on": [],
                    "primary": {
                        "id": "osc11sshkey1",
                        "attributes": {
                            "enabled": "true",
                            "id": "osc11sshkey1",
                            "key": "ssh-rsa AAAAB3NzaC1yc2EAAAADAQABAAABAQC5S83OlFYqMCA4IqDCgCpnfvOHBitdVLGFqevHtxp574IXPz+AyoejmRtOpQ+onpx8Y63PTCxvswhPgX1Wj57R0dnCuzvo39/eXVGVrcRjPm0RSVW8x4TFrdzPs/uxnH+glA/2dneHARIhrHQuHTgg8c/e4I7aZEWuL2G5e99s7mlzwPCf3IHmqZsSAziQUoQXIsbHgSRN1r73M+UZ3Kow1yvYaEFYr8oUbeIKIllrnXPf+cd/qzo84EiahRV7XcFEZj1yb1/GXr+u2ed2qRr+GDvmFjfE9hW4MAdbIBsVBGK6EdMgh6oWwP6oOw0GQHcx8Z8cBm5b68lHESYGOOQJ opc@localhost.localdomain\n",
                            "name": "osc11sshkey1"
                        },
                        "meta": {},
                        "tainted": false
                    },
                    "deposed": [],
                    "provider": "provider.opc"
                },
                "opc_compute_storage_volume.volume1": {
                    "type": "opc_compute_storage_volume",
                    "depends_on": [],
                    "primary": {
                        "id": "osc11st1",
                        "attributes": {
                            "bootable": "true",
                            "description": "",
                            "hypervisor": "",
                            "id": "osc11st1",
                            "image_list": "CENTOS7-2",
                            "image_list_entry": "1",
                            "machine_image": "/Compute-588717951/caio.oliveira@oracle.com/CENTOS7-2",
                            "managed": "true",
                            "name": "osc11st1",
                            "platform": "linux",
                            "readonly": "false",
                            "size": "100",
                            "snapshot": "",
                            "snapshot_account": "",
                            "snapshot_id": "",
                            "status": "Online",
                            "storage_pool": "/brcom-central-1/sp2-opc-c2r513-zfs-2-v1/storagepool/iscsi",
                            "storage_type": "/oracle/public/storage/default",
                            "tags.#": "0",
                            "uri": "http://compute.brcom-central-1.oraclecloud.com/storage/volume/Compute-588717951/caio.oliveira%40oracle.com/osc11st1"
                        },
                        "meta": {
                            "e2bfb730-ecaa-11e6-8f88-34363bc7c4c0": {
                                "create": 1800000000000,
                                "delete": 1800000000000,
                                "update": 1800000000000
                            }
                        },
                        "tainted": false
                    },
                    "deposed": [],
                    "provider": "provider.opc"
                },
                "opc_compute_vnic_set.test_set": {
                    "type": "opc_compute_vnic_set",
                    "depends_on": [
                        "opc_compute_acl.my-acl"
                    ],
                    "primary": {
                        "id": "osc11vnicset1",
                        "attributes": {
                            "applied_acls.#": "1",
                            "applied_acls.0": "osc11acl1",
                            "description": "",
                            "id": "osc11vnicset1",
                            "name": "osc11vnicset1",
                            "tags.#": "0",
                            "virtual_nics.#": "1",
                            "virtual_nics.0": "osc11.vnic1"
                        },
                        "meta": {},
                        "tainted": false
                    },
                    "deposed": [],
                    "provider": "provider.opc"
                }
            },
            "depends_on": []
        }
    ]
}
